# This file is automatically @generated by Cargo.
# It is not intended for manual editing.
version = 4

[[package]]
name = "aegis-protocol"
version = "0.2.0"
source = "registry+https://github.com/rust-lang/crates.io-index"
checksum = "83aef4ebd680674b7606dd52d392f24b3aba644bf28addc92128bc71c90ba35d"
dependencies = [
 "aegis-protocol-codegen",
 "aegis-protocol-core",
 "aegis-protocol-idl",
 "aegis-protocol-token",
 "aegis-protocol-wire",
]

[[package]]
name = "aegis-protocol-codegen"
version = "0.1.0"
source = "registry+https://github.com/rust-lang/crates.io-index"
checksum = "c126c423ab4eca9f90911017537034ef4eb397fc59483184ec5d95714085fce9"
dependencies = [
 "aegis-protocol-idl",
]

[[package]]
name = "aegis-protocol-consumer-test"
version = "0.1.0"
dependencies = [
 "aegis-protocol",
]

[[package]]
name = "aegis-protocol-core"
version = "0.1.0"
source = "registry+https://github.com/rust-lang/crates.io-index"
checksum = "5fd33f9970042285cc6ce0cc0ecf6a78e3ba4012cea9f109ba2c33c9cad0d7be"

[[package]]
name = "aegis-protocol-idl"
version = "0.1.0"
source = "registry+https://github.com/rust-lang/crates.io-index"
checksum = "962865588aa65f3223726afe87c7b377d497d780472f5abd6fef190eaf1d7f78"

[[package]]
name = "aegis-protocol-token"
version = "0.1.0"
source = "registry+https://github.com/rust-lang/crates.io-index"
checksum = "34c921be55e0c7dd60d28635e416a6074645ee5bd01e1464085f15010c90bbaf"
dependencies = [
 "aegis-protocol-core",
]

[[package]]
name = "aegis-protocol-wire"
version = "0.1.0"
source = "registry+https://github.com/rust-lang/crates.io-index"
checksum = "fe67a20d7e1cb631780817b24249242c37cd47f26c32020e5536505513d84e1f"
dependencies = [
 "aegis-protocol-core",
]
